
Microsoft Visual Studio Solution File, Format Version 12.00
# Visual Studio 14
VisualStudioVersion = 14.0.25420.1
MinimumVisualStudioVersion = 10.0.40219.1
Project("{FAE04EC0-301F-11D3-BF4B-00C04F79EFBC}") = "MaterialDesignDemo", "MaterialDesignDemo.csproj", "{CF0A27A8-EF82-44E5-B673-ECCC150C48ED}"
EndProject
Global
	GlobalSection(SolutionConfigurationPlatforms) = preSolution
		AppVeyor|Any CPU = AppVeyor|Any CPU
		Debug|Any CPU = Debug|Any CPU
		Release|Any CPU = Release|Any CPU
	EndGlobalSection
	GlobalSection(ProjectConfigurationPlatforms) = postSolution
		{CF0A27A8-EF82-44E5-B673-ECCC150C48ED}.AppVeyor|Any CPU.ActiveCfg = AppVeyor|Any CPU
		{CF0A27A8-EF82-44E5-B673-ECCC150C48ED}.AppVeyor|Any CPU.Build.0 = AppVeyor|Any CPU
		{CF0A27A8-EF82-44E5-B673-ECCC150C48ED}.Debug|Any CPU.ActiveCfg = Debug|Any CPU
		{CF0A27A8-EF82-44E5-B673-ECCC150C48ED}.Debug|Any CPU.Build.0 = Debug|Any CPU
		{CF0A27A8-EF82-44E5-B673-ECCC150C48ED}.Release|Any CPU.ActiveCfg = Release|Any CPU
		{CF0A27A8-EF82-44E5-B673-ECCC150C48ED}.Release|Any CPU.Build.0 = Release|Any CPU
	EndGlobalSection
	GlobalSection(SolutionProperties) = preSolution
		HideSolutionNode = FALSE
	EndGlobalSection
EndGlobal
